
Microsoft Visual Studio Solution File, Format Version 12.00
# Visual Studio 14
VisualStudioVersion = 14.0.25420.1
MinimumVisualStudioVersion = 10.0.40219.1
Project("{8BC9CEB8-8B4A-11D0-8D11-00A0C91BC942}") = "jspsychwinhost", "jspsychwinhost\jspsychwinhost.vcxproj", "{EF75F3C7-57EA-435B-BC07-613A3FC2E59E}"
EndProject
Project("{54435603-DBB4-11D2-8724-00A0C9A8B90C}") = "jsPsychExtInstaller", "Setup1\Setup1.vdproj", "{7E34A812-62CD-4846-9342-8DD47FF78960}"
EndProject
Global
	GlobalSection(SolutionConfigurationPlatforms) = preSolution
		Debug|x64 = Debug|x64
		Debug|x86 = Debug|x86
		Release|x64 = Release|x64
		Release|x86 = Release|x86
	EndGlobalSection
	GlobalSection(ProjectConfigurationPlatforms) = postSolution
		{EF75F3C7-57EA-435B-BC07-613A3FC2E59E}.Debug|x64.ActiveCfg = Debug|x64
		{EF75F3C7-57EA-435B-BC07-613A3FC2E59E}.Debug|x64.Build.0 = Debug|x64
		{EF75F3C7-57EA-435B-BC07-613A3FC2E59E}.Debug|x86.ActiveCfg = Debug|Win32
		{EF75F3C7-57EA-435B-BC07-613A3FC2E59E}.Debug|x86.Build.0 = Debug|Win32
		{EF75F3C7-57EA-435B-BC07-613A3FC2E59E}.Release|x64.ActiveCfg = Release|x64
		{EF75F3C7-57EA-435B-BC07-613A3FC2E59E}.Release|x64.Build.0 = Release|x64
		{EF75F3C7-57EA-435B-BC07-613A3FC2E59E}.Release|x86.ActiveCfg = Release|Win32
		{EF75F3C7-57EA-435B-BC07-613A3FC2E59E}.Release|x86.Build.0 = Release|Win32
		{7E34A812-62CD-4846-9342-8DD47FF78960}.Debug|x64.ActiveCfg = Debug
		{7E34A812-62CD-4846-9342-8DD47FF78960}.Debug|x86.ActiveCfg = Debug
		{7E34A812-62CD-4846-9342-8DD47FF78960}.Release|x64.ActiveCfg = Release
		{7E34A812-62CD-4846-9342-8DD47FF78960}.Release|x64.Build.0 = Release
		{7E34A812-62CD-4846-9342-8DD47FF78960}.Release|x86.ActiveCfg = Release
		{7E34A812-62CD-4846-9342-8DD47FF78960}.Release|x86.Build.0 = Release
	EndGlobalSection
	GlobalSection(SolutionProperties) = preSolution
		HideSolutionNode = FALSE
	EndGlobalSection
EndGlobal
